
Microsoft Visual Studio Solution File, Format Version 12.00
# Visual Studio Version 16
VisualStudioVersion = 16.0.30523.141
MinimumVisualStudioVersion = 10.0.40219.1
Project("{FAE04EC0-301F-11D3-BF4B-00C04F79EFBC}") = "TacoCatMVC", "TacoCatMVC.csproj", "{270EC997-713C-4889-B6E1-0C9878D04FBA}"
EndProject
Global
	GlobalSection(SolutionConfigurationPlatforms) = preSolution
		Debug|Any CPU = Debug|Any CPU
		Release|Any CPU = Release|Any CPU
	EndGlobalSection
	GlobalSection(ProjectConfigurationPlatforms) = postSolution
		{270EC997-713C-4889-B6E1-0C9878D04FBA}.Debug|Any CPU.ActiveCfg = Debug|Any CPU
		{270EC997-713C-4889-B6E1-0C9878D04FBA}.Debug|Any CPU.Build.0 = Debug|Any CPU
		{270EC997-713C-4889-B6E1-0C9878D04FBA}.Release|Any CPU.ActiveCfg = Release|Any CPU
		{270EC997-713C-4889-B6E1-0C9878D04FBA}.Release|Any CPU.Build.0 = Release|Any CPU
	EndGlobalSection
	GlobalSection(SolutionProperties) = preSolution
		HideSolutionNode = FALSE
	EndGlobalSection
	GlobalSection(ExtensibilityGlobals) = postSolution
		SolutionGuid = {F49353FD-D9BF-4D4F-B62B-A05051B27D57}
	EndGlobalSection
EndGlobal
